
Microsoft Visual Studio Solution File, Format Version 12.00
# Visual Studio Version 17
VisualStudioVersion = 17.8.34511.84
MinimumVisualStudioVersion = 10.0.40219.1
Project("{FAE04EC0-301F-11D3-BF4B-00C04F79EFBC}") = "LAB4", "LAB4\LAB4.csproj", "{2F2F33B8-1C16-4E2C-BCA6-C07404A75B36}"
EndProject
Global
	GlobalSection(SolutionConfigurationPlatforms) = preSolution
		Debug|Any CPU = Debug|Any CPU
		Release|Any CPU = Release|Any CPU
	EndGlobalSection
	GlobalSection(ProjectConfigurationPlatforms) = postSolution
		{2F2F33B8-1C16-4E2C-BCA6-C07404A75B36}.Debug|Any CPU.ActiveCfg = Debug|Any CPU
		{2F2F33B8-1C16-4E2C-BCA6-C07404A75B36}.Debug|Any CPU.Build.0 = Debug|Any CPU
		{2F2F33B8-1C16-4E2C-BCA6-C07404A75B36}.Release|Any CPU.ActiveCfg = Release|Any CPU
		{2F2F33B8-1C16-4E2C-BCA6-C07404A75B36}.Release|Any CPU.Build.0 = Release|Any CPU
	EndGlobalSection
	GlobalSection(SolutionProperties) = preSolution
		HideSolutionNode = FALSE
	EndGlobalSection
	GlobalSection(ExtensibilityGlobals) = postSolution
		SolutionGuid = {D5C8DA0A-AFE8-439C-99C1-BEA4595C2ADC}
	EndGlobalSection
EndGlobal
